
Microsoft Visual Studio Solution File, Format Version 12.00
# Visual Studio Version 17
VisualStudioVersion = 17.10.35122.118
MinimumVisualStudioVersion = 10.0.40219.1
Project("{FAE04EC0-301F-11D3-BF4B-00C04F79EFBC}") = "AlternateNumber_SumDuplicate_Pallindrome_String", "AlternateNumber_SumDuplicate_Pallindrome_String\AlternateNumber_SumDuplicate_Pallindrome_String.csproj", "{45A70FBC-15D6-43C3-B711-E0DAB69EEF65}"
EndProject
Global
	GlobalSection(SolutionConfigurationPlatforms) = preSolution
		Debug|Any CPU = Debug|Any CPU
		Release|Any CPU = Release|Any CPU
	EndGlobalSection
	GlobalSection(ProjectConfigurationPlatforms) = postSolution
		{45A70FBC-15D6-43C3-B711-E0DAB69EEF65}.Debug|Any CPU.ActiveCfg = Debug|Any CPU
		{45A70FBC-15D6-43C3-B711-E0DAB69EEF65}.Debug|Any CPU.Build.0 = Debug|Any CPU
		{45A70FBC-15D6-43C3-B711-E0DAB69EEF65}.Release|Any CPU.ActiveCfg = Release|Any CPU
		{45A70FBC-15D6-43C3-B711-E0DAB69EEF65}.Release|Any CPU.Build.0 = Release|Any CPU
	EndGlobalSection
	GlobalSection(SolutionProperties) = preSolution
		HideSolutionNode = FALSE
	EndGlobalSection
	GlobalSection(ExtensibilityGlobals) = postSolution
		SolutionGuid = {95987791-1C81-4F90-A260-1DE7B46CB199}
	EndGlobalSection
EndGlobal
